
Microsoft Visual Studio Solution File, Format Version 12.00
# Visual Studio 2013
VisualStudioVersion = 12.0.31101.0
MinimumVisualStudioVersion = 10.0.40219.1
Project("{FAE04EC0-301F-11D3-BF4B-00C04F79EFBC}") = "WChatApi", "WChatApi\WChatApi.csproj", "{2582C791-9282-4B30-B1EE-6F16B6933F4F}"
EndProject
Project("{E24C65DC-7377-472B-9ABA-BC803B73C61A}") = "WChat", "http://localhost:61656", "{35AE4633-D624-4100-AD0E-007251301A57}"
	ProjectSection(WebsiteProperties) = preProject
		UseIISExpress = "true"
		TargetFrameworkMoniker = ".NETFramework,Version%3Dv4.0"
		Debug.AspNetCompiler.VirtualPath = "/localhost_61656"
		Debug.AspNetCompiler.PhysicalPath = "WChat\"
		Debug.AspNetCompiler.TargetPath = "PrecompiledWeb\localhost_61656\"
		Debug.AspNetCompiler.Updateable = "true"
		Debug.AspNetCompiler.ForceOverwrite = "true"
		Debug.AspNetCompiler.FixedNames = "false"
		Debug.AspNetCompiler.Debug = "True"
		Release.AspNetCompiler.VirtualPath = "/localhost_61656"
		Release.AspNetCompiler.PhysicalPath = "WChat\"
		Release.AspNetCompiler.TargetPath = "PrecompiledWeb\localhost_61656\"
		Release.AspNetCompiler.Updateable = "true"
		Release.AspNetCompiler.ForceOverwrite = "true"
		Release.AspNetCompiler.FixedNames = "false"
		Release.AspNetCompiler.Debug = "False"
		SlnRelativePath = "WChat\"
	EndProjectSection
EndProject
Global
	GlobalSection(SolutionConfigurationPlatforms) = preSolution
		Debug|Any CPU = Debug|Any CPU
		Release|Any CPU = Release|Any CPU
	EndGlobalSection
	GlobalSection(ProjectConfigurationPlatforms) = postSolution
		{2582C791-9282-4B30-B1EE-6F16B6933F4F}.Debug|Any CPU.ActiveCfg = Debug|Any CPU
		{2582C791-9282-4B30-B1EE-6F16B6933F4F}.Debug|Any CPU.Build.0 = Debug|Any CPU
		{2582C791-9282-4B30-B1EE-6F16B6933F4F}.Release|Any CPU.ActiveCfg = Release|Any CPU
		{2582C791-9282-4B30-B1EE-6F16B6933F4F}.Release|Any CPU.Build.0 = Release|Any CPU
		{35AE4633-D624-4100-AD0E-007251301A57}.Debug|Any CPU.ActiveCfg = Debug|Any CPU
		{35AE4633-D624-4100-AD0E-007251301A57}.Debug|Any CPU.Build.0 = Debug|Any CPU
		{35AE4633-D624-4100-AD0E-007251301A57}.Release|Any CPU.ActiveCfg = Debug|Any CPU
		{35AE4633-D624-4100-AD0E-007251301A57}.Release|Any CPU.Build.0 = Debug|Any CPU
	EndGlobalSection
	GlobalSection(SolutionProperties) = preSolution
		HideSolutionNode = FALSE
	EndGlobalSection
EndGlobal
